github.com/mawbp/go-say-hello v1.0.0 h1:46VWAm4qGALG9s8WixO2PJHuyRxKQG3/CCY/JOlX+fI=
github.com/mawbp/go-say-hello v1.0.0/go.mod h1:jpT896X39G/tHBAvjOYRLIg30I033FZNU0t/MFHyC/A=
github.com/mawbp/go-say-hello v1.3.1 h1:kL6m/r0jdPzgNWlHPRt3TcJZdlRcHjDyZG5meBzLpT4=
github.com/mawbp/go-say-hello v1.3.1/go.mod h1:jpT896X39G/tHBAvjOYRLIg30I033FZNU0t/MFHyC/A=
github.com/mawbp/go-say-hello/v2 v2.0.0 h1:u1RqYaBMp4rKoJCZkE0Bt2LXM5i1CWUtU/+80l2q9dc=
github.com/mawbp/go-say-hello/v2 v2.0.0/go.mod h1:Bhe7Ewc+rTpzxTa2WFRCetjXo+Zkh9V+NT7wbkYexOA=
